
Microsoft Visual Studio Solution File, Format Version 12.00
# Visual Studio Version 17
VisualStudioVersion = 17.7.34009.444
MinimumVisualStudioVersion = 10.0.40219.1
Project("{FAE04EC0-301F-11D3-BF4B-00C04F79EFBC}") = "Conversor de medidas e velocidades", "Conversor de medidas e velocidades\Conversor de medidas e velocidades.csproj", "{4BCAADD2-FE12-44D4-9A15-69FE44B2FCD1}"
EndProject
Global
	GlobalSection(SolutionConfigurationPlatforms) = preSolution
		Debug|Any CPU = Debug|Any CPU
		Release|Any CPU = Release|Any CPU
	EndGlobalSection
	GlobalSection(ProjectConfigurationPlatforms) = postSolution
		{4BCAADD2-FE12-44D4-9A15-69FE44B2FCD1}.Debug|Any CPU.ActiveCfg = Debug|Any CPU
		{4BCAADD2-FE12-44D4-9A15-69FE44B2FCD1}.Debug|Any CPU.Build.0 = Debug|Any CPU
		{4BCAADD2-FE12-44D4-9A15-69FE44B2FCD1}.Release|Any CPU.ActiveCfg = Release|Any CPU
		{4BCAADD2-FE12-44D4-9A15-69FE44B2FCD1}.Release|Any CPU.Build.0 = Release|Any CPU
	EndGlobalSection
	GlobalSection(SolutionProperties) = preSolution
		HideSolutionNode = FALSE
	EndGlobalSection
	GlobalSection(ExtensibilityGlobals) = postSolution
		SolutionGuid = {D7CB111F-0859-4CE9-A85A-07404047F65B}
	EndGlobalSection
EndGlobal
