
Microsoft Visual Studio Solution File, Format Version 12.00
# Visual Studio Version 17
VisualStudioVersion = 17.7.34009.444
MinimumVisualStudioVersion = 10.0.40219.1
Project("{FAE04EC0-301F-11D3-BF4B-00C04F79EFBC}") = "NumerosImpares", "NumerosImpares.csproj", "{F22F5841-D144-4041-B8D9-A03F940AA72B}"
EndProject
Global
	GlobalSection(SolutionConfigurationPlatforms) = preSolution
		Debug|Any CPU = Debug|Any CPU
		Release|Any CPU = Release|Any CPU
	EndGlobalSection
	GlobalSection(ProjectConfigurationPlatforms) = postSolution
		{F22F5841-D144-4041-B8D9-A03F940AA72B}.Debug|Any CPU.ActiveCfg = Debug|Any CPU
		{F22F5841-D144-4041-B8D9-A03F940AA72B}.Debug|Any CPU.Build.0 = Debug|Any CPU
		{F22F5841-D144-4041-B8D9-A03F940AA72B}.Release|Any CPU.ActiveCfg = Release|Any CPU
		{F22F5841-D144-4041-B8D9-A03F940AA72B}.Release|Any CPU.Build.0 = Release|Any CPU
	EndGlobalSection
	GlobalSection(SolutionProperties) = preSolution
		HideSolutionNode = FALSE
	EndGlobalSection
	GlobalSection(ExtensibilityGlobals) = postSolution
		SolutionGuid = {15EF0601-68BD-4511-B9FA-0756C85A4532}
	EndGlobalSection
EndGlobal
